// !$*UTF8*$!
{
	archiveVersion = 1;
	classes = {
	};
	objectVersion = 46;
	objects = {

/* Begin PBXBuildFile section */
		818F0B931E18C08100679925 /* jsbridge.m in Sources */ = {isa = PBXBuildFile; fileRef = 818F0B921E18C08100679925 /* jsbridge.m */; };
		818F0B941E18C08100679925 /* jsbridge.h in CopyFiles */ = {isa = PBXBuildFile; fileRef = 818F0B911E18C08100679925 /* jsbridge.h */; };
/* End PBXBuildFile section */

/* Begin PBXCopyFilesBuildPhase section */
		818F0B8C1E18C08100679925 /* CopyFiles */ = {
			isa = PBXCopyFilesBuildPhase;
			buildActionMask = 2147483647;
			dstPath = "include/$(PRODUCT_NAME)";
			dstSubfolderSpec = 16;
			files = (
				818F0B941E18C08100679925 /* jsbridge.h in CopyFiles */,
			);
			runOnlyForDeploymentPostprocessing = 0;
		};
/* End PBXCopyFilesBuildPhase section */

/* Begin PBXFileReference section */
		818F0B8E1E18C08100679925 /* libjsbridge.a */ = {isa = PBXFileReference; explicitFileType = archive.ar; includeInIndex = 0; path = libjsbridge.a; sourceTree = BUILT_PRODUCTS_DIR; };
		818F0B911E18C08100679925 /* jsbridge.h */ = {isa = PBXFileReference; lastKnownFileType = sourcecode.c.h; path = jsbridge.h; sourceTree = "<group>"; };
		818F0B921E18C08100679925 /* jsbridge.m */ = {isa = PBXFileReference; lastKnownFileType = sourcecode.c.objc; path = jsbridge.m; sourceTree = "<group>"; };
/* End PBXFileReference section */

/* Begin PBXFrameworksBuildPhase section */
		818F0B8B1E18C08100679925 /* Frameworks */ = {
			isa = PBXFrameworksBuildPhase;
			buildActionMask = 2147483647;
			files = (
			);
			runOnlyForDeploymentPostprocessing = 0;
		};
/* End PBXFrameworksBuildPhase section */

/* Begin PBXGroup section */
		818F0B851E18C08100679925 = {
			isa = PBXGroup;
			children = (
				818F0B901E18C08100679925 /* jsbridge */,
				818F0B8F1E18C08100679925 /* Products */,
			);
			sourceTree = "<group>";
		};
		818F0B8F1E18C08100679925 /* Products */ = {
			isa = PBXGroup;
			children = (
				818F0B8E1E18C08100679925 /* libjsbridge.a */,
			);
			name = Products;
			sourceTree = "<group>";
		};
		818F0B901E18C08100679925 /* jsbridge */ = {
			isa = PBXGroup;
			children = (
				818F0B911E18C08100679925 /* jsbridge.h */,
				818F0B921E18C08100679925 /* jsbridge.m */,
			);
			path = jsbridge;
			sourceTree = "<group>";
		};
/* End PBXGroup section */

/* Begin PBXNativeTarget section */
		818F0B8D1E18C08100679925 /* jsbridge */ = {
			isa = PBXNativeTarget;
			buildConfigurationList = 818F0B971E18C08100679925 /* Build configuration list for PBXNativeTarget "jsbridge" */;
			buildPhases = (
				818F0B8A1E18C08100679925 /* Sources */,
				818F0B8B1E18C08100679925 /* Frameworks */,
				818F0B8C1E18C08100679925 /* CopyFiles */,
			);
			buildRules = (
			);
			dependencies = (
			);
			name = jsbridge;
			productName = jsbridge;
			productReference = 818F0B8E1E18C08100679925 /* libjsbridge.a */;
			productType = "com.apple.product-type.library.static";
		};
/* End PBXNativeTarget section */

/* Begin PBXProject section */
		818F0B861E18C08100679925 /* Project object */ = {
			isa = PBXProject;
			attributes = {
				LastUpgradeCheck = 0820;
				ORGANIZATIONNAME = "杜文";
				TargetAttributes = {
					818F0B8D1E18C08100679925 = {
						CreatedOnToolsVersion = 8.2.1;
						ProvisioningStyle = Automatic;
					};
				};
			};
			buildConfigurationList = 818F0B891E18C08100679925 /* Build configuration list for PBXProject "jsbridge" */;
			compatibilityVersion = "Xcode 3.2";
			developmentRegion = English;
			hasScannedForEncodings = 0;
			knownRegions = (
				en,
			);
			mainGroup = 818F0B851E18C08100679925;
			productRefGroup = 818F0B8F1E18C08100679925 /* Products */;
			projectDirPath = "";
			projectRoot = "";
			targets = (
				818F0B8D1E18C08100679925 /* jsbridge */,
			);
		};
/* End PBXProject section */

/* Begin PBXSourcesBuildPhase section */
		818F0B8A1E18C08100679925 /* Sources */ = {
			isa = PBXSourcesBuildPhase;
			buildActionMask = 2147483647;
			files = (
				818F0B931E18C08100679925 /* jsbridge.m in Sources */,
			);
			runOnlyForDeploymentPostprocessing = 0;
		};
/* End PBXSourcesBuildPhase section */

/* Begin XCBuildConfiguration section */
		818F0B951E18C08100679925 /* Debug */ = {
			isa = XCBuildConfiguration;
			buildSettings = {
				ALWAYS_SEARCH_USER_PATHS = NO;
				CLANG_ANALYZER_NONNULL = YES;
				CLANG_CXX_LANGUAGE_STANDARD = "gnu++0x";
				CLANG_CXX_LIBRARY = "libc++";
				CLANG_ENABLE_MODULES = YES;
				CLANG_ENABLE_OBJC_ARC = YES;
				CLANG_WARN_BOOL_CONVERSION = YES;
				CLANG_WARN_CONSTANT_CONVERSION = YES;
				CLANG_WARN_DIRECT_OBJC_ISA_USAGE = YES_ERROR;
				CLANG_WARN_DOCUMENTATION_COMMENTS = YES;
				CLANG_WARN_EMPTY_BODY = YES;
				CLANG_WARN_ENUM_CONVERSION = YES;
				CLANG_WARN_INFINITE_RECURSION = YES;
				CLANG_WARN_INT_CONVERSION = YES;
				CLANG_WARN_OBJC_ROOT_CLASS = YES_ERROR;
				CLANG_WARN_SUSPICIOUS_MOVE = YES;
				CLANG_WARN_UNREACHABLE_CODE = YES;
				CLANG_WARN__DUPLICATE_METHOD_MATCH = YES;
				"CODE_SIGN_IDENTITY[sdk=iphoneos*]" = "iPhone Developer";
				COPY_PHASE_STRIP = NO;
				DEBUG_INFORMATION_FORMAT = dwarf;
				ENABLE_STRICT_OBJC_MSGSEND = YES;
				ENABLE_TESTABILITY = YES;
				GCC_C_LANGUAGE_STANDARD = gnu99;
				GCC_DYNAMIC_NO_PIC = NO;
				GCC_NO_COMMON_BLOCKS = YES;
				GCC_OPTIMIZATION_LEVEL = 0;
				GCC_PREPROCESSOR_DEFINITIONS = (
					"DEBUG=1",
					"$(inherited)",
				);
				GCC_WARN_64_TO_32_BIT_CONVERSION = YES;
				GCC_WARN_ABOUT_RETURN_TYPE = YES_ERROR;
				GCC_WARN_UNDECLARED_SELECTOR = YES;
				GCC_WARN_UNINITIALIZED_AUTOS = YES_AGGRESSIVE;
				GCC_WARN_UNUSED_FUNCTION = YES;
				GCC_WARN_UNUSED_VARIABLE = YES;
				IPHONEOS_DEPLOYMENT_TARGET = 10.2;
				MTL_ENABLE_DEBUG_INFO = YES;
				ONLY_ACTIVE_ARCH = YES;
				SDKROOT = iphoneos;
			};
			name = Debug;
		};
		818F0B961E18C08100679925 /* Release */ = {
			isa = XCBuildConfiguration;
			buildSettings = {
				ALWAYS_SEARCH_USER_PATHS = NO;
				CLANG_ANALYZER_NONNULL = YES;
				CLANG_CXX_LANGUAGE_STANDARD = "gnu++0x";
				CLANG_CXX_LIBRARY = "libc++";
				CLANG_ENABLE_MODULES = YES;
				CLANG_ENABLE_OBJC_ARC = YES;
				CLANG_WARN_BOOL_CONVERSION = YES;
				CLANG_WARN_CONSTANT_CONVERSION = YES;
				CLANG_WARN_DIRECT_OBJC_ISA_USAGE = YES_ERROR;
				CLANG_WARN_DOCUMENTATION_COMMENTS = YES;
				CLANG_WARN_EMPTY_BODY = YES;
				CLANG_WARN_ENUM_CONVERSION = YES;
				CLANG_WARN_INFINITE_RECURSION = YES;
				CLANG_WARN_INT_CONVERSION = YES;
				CLANG_WARN_OBJC_ROOT_CLASS = YES_ERROR;
				CLANG_WARN_SUSPICIOUS_MOVE = YES;
				CLANG_WARN_UNREACHABLE_CODE = YES;
				CLANG_WARN__DUPLICATE_METHOD_MATCH = YES;
				"CODE_SIGN_IDENTITY[sdk=iphoneos*]" = "iPhone Developer";
				COPY_PHASE_STRIP = NO;
				DEBUG_INFORMATION_FORMAT = "dwarf-with-dsym";
				ENABLE_NS_ASSERTIONS = NO;
				ENABLE_STRICT_OBJC_MSGSEND = YES;
				GCC_C_LANGUAGE_STANDARD = gnu99;
				GCC_NO_COMMON_BLOCKS = YES;
				GCC_WARN_64_TO_32_BIT_CONVERSION = YES;
				GCC_WARN_ABOUT_RETURN_TYPE = YES_ERROR;
				GCC_WARN_UNDECLARED_SELECTOR = YES;
				GCC_WARN_UNINITIALIZED_AUTOS = YES_AGGRESSIVE;
				GCC_WARN_UNUSED_FUNCTION = YES;
				GCC_WARN_UNUSED_VARIABLE = YES;
				IPHONEOS_DEPLOYMENT_TARGET = 10.2;
				MTL_ENABLE_DEBUG_INFO = NO;
				SDKROOT = iphoneos;
				VALIDATE_PRODUCT = YES;
			};
			name = Release;
		};
		818F0B981E18C08100679925 /* Debug */ = {
			isa = XCBuildConfiguration;
			buildSettings = {
				OTHER_LDFLAGS = "-ObjC";
				PRODUCT_NAME = "$(TARGET_NAME)";
				SKIP_INSTALL = YES;
			};
			name = Debug;
		};
		818F0B991E18C08100679925 /* Release */ = {
			isa = XCBuildConfiguration;
			buildSettings = {
				OTHER_LDFLAGS = "-ObjC";
				PRODUCT_NAME = "$(TARGET_NAME)";
				SKIP_INSTALL = YES;
			};
			name = Release;
		};
/* End XCBuildConfiguration section */

/* Begin XCConfigurationList section */
		818F0B891E18C08100679925 /* Build configuration list for PBXProject "jsbridge" */ = {
			isa = XCConfigurationList;
			buildConfigurations = (
				818F0B951E18C08100679925 /* Debug */,
				818F0B961E18C08100679925 /* Release */,
			);
			defaultConfigurationIsVisible = 0;
			defaultConfigurationName = Release;
		};
		818F0B971E18C08100679925 /* Build configuration list for PBXNativeTarget "jsbridge" */ = {
			isa = XCConfigurationList;
			buildConfigurations = (
				818F0B981E18C08100679925 /* Debug */,
				818F0B991E18C08100679925 /* Release */,
			);
			defaultConfigurationIsVisible = 0;
		};
/* End XCConfigurationList section */
	};
	rootObject = 818F0B861E18C08100679925 /* Project object */;
}
